
Microsoft Visual Studio Solution File, Format Version 12.00
# Visual Studio Version 16
VisualStudioVersion = 16.0.31729.503
MinimumVisualStudioVersion = 10.0.40219.1
Project("{FAE04EC0-301F-11D3-BF4B-00C04F79EFBC}") = "azureservice.Common", "azureservice.Common\azureservice.Common.csproj", "{D89A4C7D-0361-42A7-8E08-168A6230DA96}"
EndProject
Project("{FAE04EC0-301F-11D3-BF4B-00C04F79EFBC}") = "azureservice.Functions", "azureservice.Functions\azureservice.Functions.csproj", "{58AA6C01-7E09-4D5E-A9EE-46B6EBEA53F9}"
EndProject
Global
	GlobalSection(SolutionConfigurationPlatforms) = preSolution
		Debug|Any CPU = Debug|Any CPU
		Release|Any CPU = Release|Any CPU
	EndGlobalSection
	GlobalSection(ProjectConfigurationPlatforms) = postSolution
		{D89A4C7D-0361-42A7-8E08-168A6230DA96}.Debug|Any CPU.ActiveCfg = Debug|Any CPU
		{D89A4C7D-0361-42A7-8E08-168A6230DA96}.Debug|Any CPU.Build.0 = Debug|Any CPU
		{D89A4C7D-0361-42A7-8E08-168A6230DA96}.Release|Any CPU.ActiveCfg = Release|Any CPU
		{D89A4C7D-0361-42A7-8E08-168A6230DA96}.Release|Any CPU.Build.0 = Release|Any CPU
		{58AA6C01-7E09-4D5E-A9EE-46B6EBEA53F9}.Debug|Any CPU.ActiveCfg = Debug|Any CPU
		{58AA6C01-7E09-4D5E-A9EE-46B6EBEA53F9}.Debug|Any CPU.Build.0 = Debug|Any CPU
		{58AA6C01-7E09-4D5E-A9EE-46B6EBEA53F9}.Release|Any CPU.ActiveCfg = Release|Any CPU
		{58AA6C01-7E09-4D5E-A9EE-46B6EBEA53F9}.Release|Any CPU.Build.0 = Release|Any CPU
	EndGlobalSection
	GlobalSection(SolutionProperties) = preSolution
		HideSolutionNode = FALSE
	EndGlobalSection
	GlobalSection(ExtensibilityGlobals) = postSolution
		SolutionGuid = {3ED8801D-C5D5-405F-A55A-1123CDE84BFC}
	EndGlobalSection
EndGlobal
